<?xml version="1.0" encoding="utf-8"?>
<Project ToolsVersion="4.0" xmlns="http://schemas.microsoft.com/developer/msbuild/2003">
  <ItemGroup>
    <Filter Include="Source Files">
      <UniqueIdentifier>{4FC737F1-C7A5-4376-A066-2A32D752A2FF}</UniqueIdentifier>
      <Extensions>cpp;c;cc;cxx;def;odl;idl;hpj;bat;asm;asmx</Extensions>
    </Filter>
    <Filter Include="Header Files">
      <UniqueIdentifier>{93995380-89BD-4b04-88EB-625FBE52EBFB}</UniqueIdentifier>
      <Extensions>h;hpp;hxx;hm;inl;inc;xsd</Extensions>
    </Filter>
    <Filter Include="Resource Files">
      <UniqueIdentifier>{67DA6AB6-F800-4c08-8B7A-83BB121AAD01}</UniqueIdentifier>
      <Extensions>rc;ico;cur;bmp;dlg;rc2;rct;bin;rgs;gif;jpg;jpeg;jpe;resx;tiff;tif;png;wav</Extensions>
    </Filter>
    <Filter Include="Header Files\VMAPI">
      <UniqueIdentifier>{c77d6ecf-7103-4831-a0c7-c2bc20e371f3}</UniqueIdentifier>
    </Filter>
    <Filter Include="Source Files\VMAPI">
      <UniqueIdentifier>{064639d7-768d-4cc7-b926-529d90a752fa}</UniqueIdentifier>
    </Filter>
  </ItemGroup>
  <ItemGroup>
    <ClCompile Include="32to64.cpp">
      <Filter>Source Files</Filter>
    </ClCompile>
    <ClCompile Include="cmdline.cpp">
      <Filter>Source Files</Filter>
    </ClCompile>
    <ClCompile Include="dllmain.cpp">
      <Filter>Source Files</Filter>
    </ClCompile>
    <ClCompile Include="findproc.cpp">
      <Filter>Source Files</Filter>
    </ClCompile>
    <ClCompile Include="hook64.cpp">
      <Filter>Source Files</Filter>
    </ClCompile>
    <ClCompile Include="kdclient.cpp">
      <Filter>Source Files</Filter>
    </ClCompile>
    <ClCompile Include="patchapi.cpp">
      <Filter>Source Files</Filter>
    </ClCompile>
    <ClCompile Include="stdafx.cpp">
      <Filter>Source Files</Filter>
    </ClCompile>
    <ClCompile Include="tablemgr.cpp">
      <Filter>Source Files</Filter>
    </ClCompile>
    <ClCompile Include="VMWareSnapshotRestorer.cpp">
      <Filter>Source Files</Filter>
    </ClCompile>
    <ClCompile Include="VBoxCmdLine.cpp">
      <Filter>Source Files</Filter>
    </ClCompile>
    <ClCompile Include="VBoxSnapsnotRestorer.cpp">
      <Filter>Source Files</Filter>
    </ClCompile>
    <ClCompile Include="VMAPI\VirtualBox_i.c">
      <Filter>Source Files\VMAPI</Filter>
    </ClCompile>
  </ItemGroup>
  <ItemGroup>
    <None Include="kdclient.def">
      <Filter>Source Files</Filter>
    </None>
    <None Include="ReadMe.txt" />
  </ItemGroup>
  <ItemGroup>
    <ClInclude Include="32to64.h">
      <Filter>Header Files</Filter>
    </ClInclude>
    <ClInclude Include="cmdline.h">
      <Filter>Header Files</Filter>
    </ClInclude>
    <ClInclude Include="findproc.h">
      <Filter>Header Files</Filter>
    </ClInclude>
    <ClInclude Include="hook64.h">
      <Filter>Header Files</Filter>
    </ClInclude>
    <ClInclude Include="loader.h">
      <Filter>Header Files</Filter>
    </ClInclude>
    <ClInclude Include="patchapi.h">
      <Filter>Header Files</Filter>
    </ClInclude>
    <ClInclude Include="resource.h">
      <Filter>Header Files</Filter>
    </ClInclude>
    <ClInclude Include="stdafx.h">
      <Filter>Header Files</Filter>
    </ClInclude>
    <ClInclude Include="tablemgr.h">
      <Filter>Header Files</Filter>
    </ClInclude>
    <ClInclude Include="targetver.h">
      <Filter>Header Files</Filter>
    </ClInclude>
    <ClInclude Include="TerminationNotifier.h">
      <Filter>Header Files</Filter>
    </ClInclude>
    <ClInclude Include="KDClient.h">
      <Filter>Header Files</Filter>
    </ClInclude>
    <ClInclude Include="VMAPI\VirtualBox.h">
      <Filter>Header Files\VMAPI</Filter>
    </ClInclude>
    <ClInclude Include="VMAPI\VixC.h">
      <Filter>Header Files\VMAPI</Filter>
    </ClInclude>
    <ClInclude Include="VMAPI\VixCOM.h">
      <Filter>Header Files\VMAPI</Filter>
    </ClInclude>
    <ClInclude Include="..\..\Lib\regconfig.h">
      <Filter>Header Files</Filter>
    </ClInclude>
  </ItemGroup>
  <ItemGroup>
    <ResourceCompile Include="kdclient.rc">
      <Filter>Resource Files</Filter>
    </ResourceCompile>
  </ItemGroup>
</Project>